
Microsoft Visual Studio Solution File, Format Version 12.00
# Visual Studio Version 17
VisualStudioVersion = 17.13.35825.156 d17.13
MinimumVisualStudioVersion = 10.0.40219.1
Project("{FAE04EC0-301F-11D3-BF4B-00C04F79EFBC}") = "Verse", "Verse\Verse.csproj", "{B4D3CF09-D6E2-4788-A950-E6314A397632}"
EndProject
Project("{FAE04EC0-301F-11D3-BF4B-00C04F79EFBC}") = "Verse Auth", "Verse Auth\Verse Auth.csproj", "{640850F3-D572-4F34-863F-6D995E918079}"
EndProject
Project("{FAE04EC0-301F-11D3-BF4B-00C04F79EFBC}") = "Verse Post", "Verse Post\Verse Post.csproj", "{DB441FAD-F856-4E6C-BBBD-A36C3CBBC3C4}"
EndProject
Project("{FAE04EC0-301F-11D3-BF4B-00C04F79EFBC}") = "Verse Comment", "Verse Comment\Verse Comment.csproj", "{7E2796A9-D8F6-46E5-87FA-F606C67A6F1B}"
EndProject
Global
	GlobalSection(SolutionConfigurationPlatforms) = preSolution
		Debug|Any CPU = Debug|Any CPU
		Release|Any CPU = Release|Any CPU
	EndGlobalSection
	GlobalSection(ProjectConfigurationPlatforms) = postSolution
		{B4D3CF09-D6E2-4788-A950-E6314A397632}.Debug|Any CPU.ActiveCfg = Debug|Any CPU
		{B4D3CF09-D6E2-4788-A950-E6314A397632}.Debug|Any CPU.Build.0 = Debug|Any CPU
		{B4D3CF09-D6E2-4788-A950-E6314A397632}.Release|Any CPU.ActiveCfg = Release|Any CPU
		{B4D3CF09-D6E2-4788-A950-E6314A397632}.Release|Any CPU.Build.0 = Release|Any CPU
		{640850F3-D572-4F34-863F-6D995E918079}.Debug|Any CPU.ActiveCfg = Debug|Any CPU
		{640850F3-D572-4F34-863F-6D995E918079}.Debug|Any CPU.Build.0 = Debug|Any CPU
		{640850F3-D572-4F34-863F-6D995E918079}.Release|Any CPU.ActiveCfg = Release|Any CPU
		{640850F3-D572-4F34-863F-6D995E918079}.Release|Any CPU.Build.0 = Release|Any CPU
		{DB441FAD-F856-4E6C-BBBD-A36C3CBBC3C4}.Debug|Any CPU.ActiveCfg = Debug|Any CPU
		{DB441FAD-F856-4E6C-BBBD-A36C3CBBC3C4}.Debug|Any CPU.Build.0 = Debug|Any CPU
		{DB441FAD-F856-4E6C-BBBD-A36C3CBBC3C4}.Release|Any CPU.ActiveCfg = Release|Any CPU
		{DB441FAD-F856-4E6C-BBBD-A36C3CBBC3C4}.Release|Any CPU.Build.0 = Release|Any CPU
		{7E2796A9-D8F6-46E5-87FA-F606C67A6F1B}.Debug|Any CPU.ActiveCfg = Debug|Any CPU
		{7E2796A9-D8F6-46E5-87FA-F606C67A6F1B}.Debug|Any CPU.Build.0 = Debug|Any CPU
		{7E2796A9-D8F6-46E5-87FA-F606C67A6F1B}.Release|Any CPU.ActiveCfg = Release|Any CPU
		{7E2796A9-D8F6-46E5-87FA-F606C67A6F1B}.Release|Any CPU.Build.0 = Release|Any CPU
	EndGlobalSection
	GlobalSection(SolutionProperties) = preSolution
		HideSolutionNode = FALSE
	EndGlobalSection
	GlobalSection(ExtensibilityGlobals) = postSolution
		SolutionGuid = {5964B751-8FA0-435E-B87C-82C4AB2A886A}
	EndGlobalSection
EndGlobal
