
Microsoft Visual Studio Solution File, Format Version 12.00
# Visual Studio Version 17
VisualStudioVersion = 17.13.35825.156 d17.13
MinimumVisualStudioVersion = 10.0.40219.1
Project("{FAE04EC0-301F-11D3-BF4B-00C04F79EFBC}") = "Verse", "Verse\Verse.csproj", "{B4D3CF09-D6E2-4788-A950-E6314A397632}"
EndProject
Global
	GlobalSection(SolutionConfigurationPlatforms) = preSolution
		Debug|Any CPU = Debug|Any CPU
		Release|Any CPU = Release|Any CPU
	EndGlobalSection
	GlobalSection(ProjectConfigurationPlatforms) = postSolution
		{B4D3CF09-D6E2-4788-A950-E6314A397632}.Debug|Any CPU.ActiveCfg = Debug|Any CPU
		{B4D3CF09-D6E2-4788-A950-E6314A397632}.Debug|Any CPU.Build.0 = Debug|Any CPU
		{B4D3CF09-D6E2-4788-A950-E6314A397632}.Release|Any CPU.ActiveCfg = Release|Any CPU
		{B4D3CF09-D6E2-4788-A950-E6314A397632}.Release|Any CPU.Build.0 = Release|Any CPU
	EndGlobalSection
	GlobalSection(SolutionProperties) = preSolution
		HideSolutionNode = FALSE
	EndGlobalSection
	GlobalSection(ExtensibilityGlobals) = postSolution
		SolutionGuid = {5964B751-8FA0-435E-B87C-82C4AB2A886A}
	EndGlobalSection
EndGlobal
